
Microsoft Visual Studio Solution File, Format Version 12.00
# Visual Studio Version 17
VisualStudioVersion = 17.6.33801.468
MinimumVisualStudioVersion = 10.0.40219.1
Project("{FAE04EC0-301F-11D3-BF4B-00C04F79EFBC}") = "Win11Tweaker", "Win11Tweaker\Win11Tweaker.csproj", "{B6D85876-2031-49D9-AD48-2302B3E7423B}"
EndProject
Project("{2150E333-8FDC-42A3-9474-1A3956D46DE8}") = "Solution Items", "Solution Items", "{9EF9A8D8-9D77-4D0E-977D-DCF931292F10}"
	ProjectSection(SolutionItems) = preProject
		LICENSE.txt = LICENSE.txt
	EndProjectSection
EndProject
Global
	GlobalSection(SolutionConfigurationPlatforms) = preSolution
		Debug|Any CPU = Debug|Any CPU
		Release|Any CPU = Release|Any CPU
	EndGlobalSection
	GlobalSection(ProjectConfigurationPlatforms) = postSolution
		{B6D85876-2031-49D9-AD48-2302B3E7423B}.Debug|Any CPU.ActiveCfg = Debug|Any CPU
		{B6D85876-2031-49D9-AD48-2302B3E7423B}.Debug|Any CPU.Build.0 = Debug|Any CPU
		{B6D85876-2031-49D9-AD48-2302B3E7423B}.Release|Any CPU.ActiveCfg = Release|Any CPU
		{B6D85876-2031-49D9-AD48-2302B3E7423B}.Release|Any CPU.Build.0 = Release|Any CPU
	EndGlobalSection
	GlobalSection(SolutionProperties) = preSolution
		HideSolutionNode = FALSE
	EndGlobalSection
	GlobalSection(ExtensibilityGlobals) = postSolution
		SolutionGuid = {7FA2923D-D6A6-4460-A341-B66747EE6C4B}
	EndGlobalSection
EndGlobal
